
Microsoft Visual Studio Solution File, Format Version 12.00
# Visual Studio Version 16
VisualStudioVersion = 16.0.30517.126
MinimumVisualStudioVersion = 10.0.40219.1
Project("{FAE04EC0-301F-11D3-BF4B-00C04F79EFBC}") = "GerenciarSenhas", "GerenciarSenhas.csproj", "{93C76DB6-E4BF-41B4-A336-ADD7D8E75346}"
EndProject
Global
	GlobalSection(SolutionConfigurationPlatforms) = preSolution
		Debug|Any CPU = Debug|Any CPU
		Release|Any CPU = Release|Any CPU
	EndGlobalSection
	GlobalSection(ProjectConfigurationPlatforms) = postSolution
		{93C76DB6-E4BF-41B4-A336-ADD7D8E75346}.Debug|Any CPU.ActiveCfg = Debug|Any CPU
		{93C76DB6-E4BF-41B4-A336-ADD7D8E75346}.Debug|Any CPU.Build.0 = Debug|Any CPU
		{93C76DB6-E4BF-41B4-A336-ADD7D8E75346}.Release|Any CPU.ActiveCfg = Release|Any CPU
		{93C76DB6-E4BF-41B4-A336-ADD7D8E75346}.Release|Any CPU.Build.0 = Release|Any CPU
	EndGlobalSection
	GlobalSection(SolutionProperties) = preSolution
		HideSolutionNode = FALSE
	EndGlobalSection
	GlobalSection(ExtensibilityGlobals) = postSolution
		SolutionGuid = {77FC31F5-C76B-4F18-84A9-5E42C072AE11}
	EndGlobalSection
EndGlobal
